{
  "version": "4",
  "specifiers": {
    "npm:@napi-rs/canvas@~0.1.52": "0.1.80"
  },
  "npm": {
    "@napi-rs/canvas-android-arm64@0.1.80": {
      "integrity": "sha512-sk7xhN/MoXeuExlggf91pNziBxLPVUqF2CAVnB57KLG/pz7+U5TKG8eXdc3pm0d7Od0WreB6ZKLj37sX9muGOQ=="
    },
    "@napi-rs/canvas-darwin-arm64@0.1.80": {
      "integrity": "sha512-O64APRTXRUiAz0P8gErkfEr3lipLJgM6pjATwavZ22ebhjYl/SUbpgM0xcWPQBNMP1n29afAC/Us5PX1vg+JNQ=="
    },
    "@napi-rs/canvas-darwin-x64@0.1.80": {
      "integrity": "sha512-FqqSU7qFce0Cp3pwnTjVkKjjOtxMqRe6lmINxpIZYaZNnVI0H5FtsaraZJ36SiTHNjZlUB69/HhxNDT1Aaa9vA=="
    },
    "@napi-rs/canvas-linux-arm-gnueabihf@0.1.80": {
      "integrity": "sha512-eyWz0ddBDQc7/JbAtY4OtZ5SpK8tR4JsCYEZjCE3dI8pqoWUC8oMwYSBGCYfsx2w47cQgQCgMVRVTFiiO38hHQ=="
    },
    "@napi-rs/canvas-linux-arm64-gnu@0.1.80": {
      "integrity": "sha512-qwA63t8A86bnxhuA/GwOkK3jvb+XTQaTiVML0vAWoHyoZYTjNs7BzoOONDgTnNtr8/yHrq64XXzUoLqDzU+Uuw=="
    },
    "@napi-rs/canvas-linux-arm64-musl@0.1.80": {
      "integrity": "sha512-1XbCOz/ymhj24lFaIXtWnwv/6eFHXDrjP0jYkc6iHQ9q8oXKzUX1Lc6bu+wuGiLhGh2GS/2JlfORC5ZcXimRcg=="
    },
    "@napi-rs/canvas-linux-riscv64-gnu@0.1.80": {
      "integrity": "sha512-XTzR125w5ZMs0lJcxRlS1K3P5RaZ9RmUsPtd1uGt+EfDyYMu4c6SEROYsxyatbbu/2+lPe7MPHOO/0a0x7L/gw=="
    },
    "@napi-rs/canvas-linux-x64-gnu@0.1.80": {
      "integrity": "sha512-BeXAmhKg1kX3UCrJsYbdQd3hIMDH/K6HnP/pG2LuITaXhXBiNdh//TVVVVCBbJzVQaV5gK/4ZOCMrQW9mvuTqA=="
    },
    "@napi-rs/canvas-linux-x64-musl@0.1.80": {
      "integrity": "sha512-x0XvZWdHbkgdgucJsRxprX/4o4sEed7qo9rCQA9ugiS9qE2QvP0RIiEugtZhfLH3cyI+jIRFJHV4Fuz+1BHHMg=="
    },
    "@napi-rs/canvas-win32-x64-msvc@0.1.80": {
      "integrity": "sha512-Z8jPsM6df5V8B1HrCHB05+bDiCxjE9QA//3YrkKIdVDEwn5RKaqOxCJDRJkl48cJbylcrJbW4HxZbTte8juuPg=="
    },
    "@napi-rs/canvas@0.1.80": {
      "integrity": "sha512-DxuT1ClnIPts1kQx8FBmkk4BQDTfI5kIzywAaMjQSXfNnra5UFU9PwurXrl+Je3bJ6BGsp/zmshVVFbCmyI+ww==",
      "dependencies": [
        "@napi-rs/canvas-android-arm64",
        "@napi-rs/canvas-darwin-arm64",
        "@napi-rs/canvas-darwin-x64",
        "@napi-rs/canvas-linux-arm-gnueabihf",
        "@napi-rs/canvas-linux-arm64-gnu",
        "@napi-rs/canvas-linux-arm64-musl",
        "@napi-rs/canvas-linux-riscv64-gnu",
        "@napi-rs/canvas-linux-x64-gnu",
        "@napi-rs/canvas-linux-x64-musl",
        "@napi-rs/canvas-win32-x64-msvc"
      ]
    }
  },
  "remote": {
    "https://deno.land/std@0.106.0/encoding/base64.ts": "eecae390f1f1d1cae6f6c6d732ede5276bf4b9cd29b1d281678c054dc5cc009e",
    "https://deno.land/std@0.224.0/async/delay.ts": "f90dd685b97c2f142b8069082993e437b1602b8e2561134827eeb7c12b95c499",
    "https://deno.land/std@0.224.0/http/server.ts": "f9313804bf6467a1704f45f76cb6cd0a3396a3b31c316035e6a4c2035d1ea514",
    "https://deno.land/x/canvas@v1.4.1/deps.ts": "e956026d98094946166e06d7b799290b732db015813870d84e04e33ab88e98f3",
    "https://deno.land/x/canvas@v1.4.1/mod.ts": "a4e16972647ceafef58612a377a218372454c99d2c9da615a132694597114f80",
    "https://deno.land/x/canvas@v1.4.1/src/base64.ts": "0928031fdba0c43b617154fbe2eb7578366460c04da1422933ae5e936d3d0349",
    "https://deno.land/x/canvas@v1.4.1/src/canvas.ts": "58119999b04f68ebeed2627485c5c24c5b0c029707edde0b6568814f9049a3a8",
    "https://deno.land/x/canvas@v1.4.1/src/canvaskit.ts": "c3d807472cbb3e1d9fc01bb43ff974ef796c4b010178d1595be5fa793cce5e7d",
    "https://deno.land/x/canvas@v1.4.1/src/color_util.ts": "28f1072f0a5acbe7add7fac2f452311a47b44c080806fc4057de2d2e405c6c1c",
    "https://deno.land/x/canvas@v1.4.1/src/lib.js": "bb21711589bfbc8997b455cdf53e3150e23289f3b44809188041b1d2fc7924fa",
    "https://deno.land/x/canvas@v1.4.1/src/types.ts": "67d5800f8f4b0a407e0251676a03ae91b5f50a3ed53e6b72dc5984113cb93128",
    "https://deno.land/x/canvas@v1.4.1/src/wasm.js": "449d72cc14fc4142a5853f944df49a744d852981d09c5515528ede8aebb0afda"
  }
}
